# THIS IS AN AUTOGENERATED FILE. DO NOT EDIT THIS FILE DIRECTLY.
# yarn lockfile v1


"@arrows/array@^0.4.9":
  version "0.4.9"
  resolved "https://registry.yarnpkg.com/@arrows/array/-/array-0.4.9.tgz#20b6bf8b1314ac01801102cc809f5e24780f9a8a"
  integrity sha512-xuDbkXMpoeRJVIgljbUFaMAGIaOrMeu8RddxmLHnM9z3YCWNkGxcoA6EvKRwxoRg0VuaMlLbC7ztZD7I2lcCfA==

"@arrows/composition@^0.2.5":
  version "0.2.5"
  resolved "https://registry.yarnpkg.com/@arrows/composition/-/composition-0.2.5.tgz#246679fe2f23f144fa62452920642d46ce84392a"
  integrity sha512-ZJ2w5HPe+yIi0gx8qUKRPMYjoEf1TM0cY0eo073D12LnUuyRBGnfcsPOhIxa2sMcszP5iLr2vi865yO1gi646Q==
  dependencies:
    "@arrows/array" "^0.4.9"

"@arrows/dispatch@^0.2.5":
  version "0.2.5"
  resolved "https://registry.yarnpkg.com/@arrows/dispatch/-/dispatch-0.2.5.tgz#577cef190319e3d3bac4215c5d16bcb1e1343a6b"
  integrity sha512-tLTqdWte6Ux+NCaU4FSgqupNmWE19q4SGCT+gMsmQSdFjVPKntO890y95v8iZ2CRRoU++DfHWXjHcp3exW+Dnw==

benchmark@^2.1.4:
  version "2.1.4"
  resolved "https://registry.yarnpkg.com/benchmark/-/benchmark-2.1.4.tgz#09f3de31c916425d498cc2ee565a0ebf3c2a5629"
  integrity sha1-CfPeMckWQl1JjMLuVloOvzwqVik=
  dependencies:
    lodash "^4.17.4"
    platform "^1.3.3"

benny@^3.0.2:
  version "3.0.2"
  resolved "https://registry.yarnpkg.com/benny/-/benny-3.0.2.tgz#929e81c8ea03f304497dafcdd3c2768840550eeb"
  integrity sha512-dKextJPYawUzJJJn8tiNw4koP/pva3Xujc6nYvNDQzuOLvVRl8objuZundiW0E3paSibkRFlpHo573gQGQI9Ag==
  dependencies:
    "@arrows/composition" "^0.2.5"
    "@arrows/dispatch" "^0.2.5"
    benchmark "^2.1.4"
    fs-extra "^8.1.0"
    kleur "^3.0.3"

fs-extra@^8.1.0:
  version "8.1.0"
  resolved "https://registry.yarnpkg.com/fs-extra/-/fs-extra-8.1.0.tgz#49d43c45a88cd9677668cb7be1b46efdb8d2e1c0"
  integrity sha512-yhlQgA6mnOJUKOsRUFsgJdQCvkKhcz8tlZG5HBQfReYZy46OwLcY+Zia0mtdHsOo9y/hP+CxMN0TU9QxoOtG4g==
  dependencies:
    graceful-fs "^4.2.0"
    jsonfile "^4.0.0"
    universalify "^0.1.0"

graceful-fs@^4.1.6, graceful-fs@^4.2.0:
  version "4.2.2"
  resolved "https://registry.yarnpkg.com/graceful-fs/-/graceful-fs-4.2.2.tgz#6f0952605d0140c1cfdb138ed005775b92d67b02"
  integrity sha512-IItsdsea19BoLC7ELy13q1iJFNmd7ofZH5+X/pJr90/nRoPEX0DJo1dHDbgtYWOhJhcCgMDTOw84RZ72q6lB+Q==

immer@^4.0.0:
  version "4.0.0"
  resolved "https://registry.yarnpkg.com/immer/-/immer-4.0.0.tgz#2f3d6b9228e86e06c0194f6d2c76bcabab394dde"
  integrity sha512-374/m+biF/6Z24jiqR/u49SH095oIgYr/qLiQnR88svojs5RNJh/h9i0Qq0pqhgUon3Txx8PgUWH+obRy6jbKw==

immutable@^4.0.0-rc.12:
  version "4.0.0-rc.12"
  resolved "https://registry.yarnpkg.com/immutable/-/immutable-4.0.0-rc.12.tgz#ca59a7e4c19ae8d9bf74a97bdf0f6e2f2a5d0217"
  integrity sha512-0M2XxkZLx/mi3t8NVwIm1g8nHoEmM9p9UBl/G9k4+hm0kBgOVdMV/B3CY5dQ8qG8qc80NN4gDV4HQv6FTJ5q7A==

jsonfile@^4.0.0:
  version "4.0.0"
  resolved "https://registry.yarnpkg.com/jsonfile/-/jsonfile-4.0.0.tgz#8771aae0799b64076b76640fca058f9c10e33ecb"
  integrity sha1-h3Gq4HmbZAdrdmQPygWPnBDjPss=
  optionalDependencies:
    graceful-fs "^4.1.6"

kleur@^3.0.3:
  version "3.0.3"
  resolved "https://registry.yarnpkg.com/kleur/-/kleur-3.0.3.tgz#a79c9ecc86ee1ce3fa6206d1216c501f147fc07e"
  integrity sha512-eTIzlVOSUR+JxdDFepEYcBMtZ9Qqdef+rnzWdRZuMbOywu5tO2w2N7rqjoANZ5k9vywhL6Br1VRjUIgTQx4E8w==

lodash@^4.17.15, lodash@^4.17.4:
  version "4.17.15"
  resolved "https://registry.yarnpkg.com/lodash/-/lodash-4.17.15.tgz#b447f6670a0455bbfeedd11392eff330ea097548"
  integrity sha512-8xOcRHvCjnocdS5cpwXQXVzmmh5e5+saE2QGoeQmbKmRS6J3VQppPOIt0MnmE+4xlZoumy0GPG0D0MVIQbNA1A==

platform@^1.3.3:
  version "1.3.5"
  resolved "https://registry.yarnpkg.com/platform/-/platform-1.3.5.tgz#fb6958c696e07e2918d2eeda0f0bc9448d733444"
  integrity sha512-TuvHS8AOIZNAlE77WUDiR4rySV/VMptyMfcfeoMgs4P8apaZM3JrnbzBiixKUv+XR6i+BXrQh8WAnjaSPFO65Q==

ramda@^0.26.1:
  version "0.26.1"
  resolved "https://registry.yarnpkg.com/ramda/-/ramda-0.26.1.tgz#8d41351eb8111c55353617fc3bbffad8e4d35d06"
  integrity sha512-hLWjpy7EnsDBb0p+Z3B7rPi3GDeRG5ZtiI33kJhTt+ORCd38AbAIjB/9zRIUoeTbE/AVX5ZkU7m6bznsvrf8eQ==

universalify@^0.1.0:
  version "0.1.2"
  resolved "https://registry.yarnpkg.com/universalify/-/universalify-0.1.2.tgz#b646f69be3942dabcecc9d6639c80dc105efaa66"
  integrity sha512-rBJeI5CXAlmy1pV+617WB9J63U6XcazHHF2f2dbJix4XzpUF0RS3Zbj0FGIOCAva5P/d/GBOYaACQ1w+0azUkg==
